// !$*UTF8*$!
{
	archiveVersion = 1;
	classes = {
	};
	objectVersion = 46;
	objects = {

/* Begin PBXBuildFile section */
		6F2D55C21E72D8D300E08BF5 /* Common.swift in Sources */ = {isa = PBXBuildFile; fileRef = 6F2D55C11E72D8D300E08BF5 /* Common.swift */; };
		6F2D55C41E72DA8A00E08BF5 /* UIColor+Ext.swift in Sources */ = {isa = PBXBuildFile; fileRef = 6F2D55C31E72DA8A00E08BF5 /* UIColor+Ext.swift */; };
		6F60202E1E7060CA003DFC88 /* HomeViewController.swift in Sources */ = {isa = PBXBuildFile; fileRef = 6F60202D1E7060CA003DFC88 /* HomeViewController.swift */; };
		6F6020301E706733003DFC88 /* UIBarButtonItem+Extemsion.swift in Sources */ = {isa = PBXBuildFile; fileRef = 6F60202F1E706733003DFC88 /* UIBarButtonItem+Extemsion.swift */; };
		6F85E6251E6C79020043EE25 /* AppDelegate.swift in Sources */ = {isa = PBXBuildFile; fileRef = 6F85E6241E6C79020043EE25 /* AppDelegate.swift */; };
		6F85E62A1E6C79020043EE25 /* Main.storyboard in Resources */ = {isa = PBXBuildFile; fileRef = 6F85E6281E6C79020043EE25 /* Main.storyboard */; };
		6F85E62C1E6C79020043EE25 /* Assets.xcassets in Resources */ = {isa = PBXBuildFile; fileRef = 6F85E62B1E6C79020043EE25 /* Assets.xcassets */; };
		6F960C441E6DCDCB00FD7816 /* MainTabbarController.swift in Sources */ = {isa = PBXBuildFile; fileRef = 6F960C431E6DCDCB00FD7816 /* MainTabbarController.swift */; };
		6F960C541E6DD21300FD7816 /* First.storyboard in Resources */ = {isa = PBXBuildFile; fileRef = 6F960C531E6DD21300FD7816 /* First.storyboard */; };
		6F960C561E6DD2C200FD7816 /* Discover.storyboard in Resources */ = {isa = PBXBuildFile; fileRef = 6F960C551E6DD2C200FD7816 /* Discover.storyboard */; };
		6F960C581E6DD2D800FD7816 /* Focus.storyboard in Resources */ = {isa = PBXBuildFile; fileRef = 6F960C571E6DD2D800FD7816 /* Focus.storyboard */; };
		6F960C5A1E6DD2DE00FD7816 /* Live.storyboard in Resources */ = {isa = PBXBuildFile; fileRef = 6F960C591E6DD2DE00FD7816 /* Live.storyboard */; };
		6F960C5C1E6DD2E400FD7816 /* Mine.storyboard in Resources */ = {isa = PBXBuildFile; fileRef = 6F960C5B1E6DD2E400FD7816 /* Mine.storyboard */; };
		6F9FB9361E766C10000890F0 /* RecommendViewController.swift in Sources */ = {isa = PBXBuildFile; fileRef = 6F9FB9351E766C10000890F0 /* RecommendViewController.swift */; };
		6F9FB9391E76944C000890F0 /* HeaderReusablleView.swift in Sources */ = {isa = PBXBuildFile; fileRef = 6F9FB9371E76944C000890F0 /* HeaderReusablleView.swift */; };
		6F9FB93A1E76944C000890F0 /* HeaderReusablleView.xib in Resources */ = {isa = PBXBuildFile; fileRef = 6F9FB9381E76944C000890F0 /* HeaderReusablleView.xib */; };
		6F9FB93E1E769AD7000890F0 /* VideoCollectionViewCell.swift in Sources */ = {isa = PBXBuildFile; fileRef = 6F9FB93C1E769AD7000890F0 /* VideoCollectionViewCell.swift */; };
		6F9FB93F1E769AD7000890F0 /* VideoCollectionViewCell.xib in Resources */ = {isa = PBXBuildFile; fileRef = 6F9FB93D1E769AD7000890F0 /* VideoCollectionViewCell.xib */; };
		6F9FB9421E78F4F5000890F0 /* PrettyCollectionViewCell.swift in Sources */ = {isa = PBXBuildFile; fileRef = 6F9FB9401E78F4F5000890F0 /* PrettyCollectionViewCell.swift */; };
		6F9FB9431E78F4F5000890F0 /* PrettyCollectionViewCell.xib in Resources */ = {isa = PBXBuildFile; fileRef = 6F9FB9411E78F4F5000890F0 /* PrettyCollectionViewCell.xib */; };
		6F9FB9451E79431F000890F0 /* NetworkTools.swift in Sources */ = {isa = PBXBuildFile; fileRef = 6F9FB9441E79431F000890F0 /* NetworkTools.swift */; };
		6F9FB9471E794649000890F0 /* RecommendViewModel.swift in Sources */ = {isa = PBXBuildFile; fileRef = 6F9FB9461E794649000890F0 /* RecommendViewModel.swift */; };
		6F9FB9491E796533000890F0 /* Groups.swift in Sources */ = {isa = PBXBuildFile; fileRef = 6F9FB9481E796533000890F0 /* Groups.swift */; };
		6F9FB94B1E796640000890F0 /* Anchor.swift in Sources */ = {isa = PBXBuildFile; fileRef = 6F9FB94A1E796640000890F0 /* Anchor.swift */; };
		6F9FB9511E7978AC000890F0 /* PhoneGamesModel.swift in Sources */ = {isa = PBXBuildFile; fileRef = 6F9FB9501E7978AC000890F0 /* PhoneGamesModel.swift */; };
		6FB95F261E7BB02F006669B8 /* CycleView.swift in Sources */ = {isa = PBXBuildFile; fileRef = 6FB95F251E7BB02F006669B8 /* CycleView.swift */; };
		6FB95F281E7BB042006669B8 /* CycleView.xib in Resources */ = {isa = PBXBuildFile; fileRef = 6FB95F271E7BB042006669B8 /* CycleView.xib */; };
		6FB95F2A1E7BBC96006669B8 /* CycleModel.swift in Sources */ = {isa = PBXBuildFile; fileRef = 6FB95F291E7BBC96006669B8 /* CycleModel.swift */; };
		6FB95F2D1E7BC708006669B8 /* CycleCollectionViewCell.swift in Sources */ = {isa = PBXBuildFile; fileRef = 6FB95F2B1E7BC708006669B8 /* CycleCollectionViewCell.swift */; };
		6FB95F2E1E7BC708006669B8 /* CycleCollectionViewCell.xib in Resources */ = {isa = PBXBuildFile; fileRef = 6FB95F2C1E7BC708006669B8 /* CycleCollectionViewCell.xib */; };
		6FFEFE411E71AE5C00663FD1 /* ScrollTitleView.swift in Sources */ = {isa = PBXBuildFile; fileRef = 6FFEFE401E71AE5C00663FD1 /* ScrollTitleView.swift */; };
		6FFEFE431E71B92500663FD1 /* PageContentView.swift in Sources */ = {isa = PBXBuildFile; fileRef = 6FFEFE421E71B92500663FD1 /* PageContentView.swift */; };
		86EE10B3CDEC8F94F5F55FEF /* Pods_DouyuTV.framework in Frameworks */ = {isa = PBXBuildFile; fileRef = EB93D40B40FC589E8B658CE2 /* Pods_DouyuTV.framework */; };
/* End PBXBuildFile section */

/* Begin PBXFileReference section */
		361B043F26BE074E7FA671D9 /* Pods-DouyuTV.release.xcconfig */ = {isa = PBXFileReference; includeInIndex = 1; lastKnownFileType = text.xcconfig; name = "Pods-DouyuTV.release.xcconfig"; path = "Pods/Target Support Files/Pods-DouyuTV/Pods-DouyuTV.release.xcconfig"; sourceTree = "<group>"; };
		6F2D55C11E72D8D300E08BF5 /* Common.swift */ = {isa = PBXFileReference; fileEncoding = 4; lastKnownFileType = sourcecode.swift; path = Common.swift; sourceTree = "<group>"; };
		6F2D55C31E72DA8A00E08BF5 /* UIColor+Ext.swift */ = {isa = PBXFileReference; fileEncoding = 4; lastKnownFileType = sourcecode.swift; path = "UIColor+Ext.swift"; sourceTree = "<group>"; };
		6F60202D1E7060CA003DFC88 /* HomeViewController.swift */ = {isa = PBXFileReference; fileEncoding = 4; lastKnownFileType = sourcecode.swift; path = HomeViewController.swift; sourceTree = "<group>"; };
		6F60202F1E706733003DFC88 /* UIBarButtonItem+Extemsion.swift */ = {isa = PBXFileReference; fileEncoding = 4; lastKnownFileType = sourcecode.swift; path = "UIBarButtonItem+Extemsion.swift"; sourceTree = "<group>"; };
		6F85E6211E6C79020043EE25 /* DouyuTV.app */ = {isa = PBXFileReference; explicitFileType = wrapper.application; includeInIndex = 0; path = DouyuTV.app; sourceTree = BUILT_PRODUCTS_DIR; };
		6F85E6241E6C79020043EE25 /* AppDelegate.swift */ = {isa = PBXFileReference; lastKnownFileType = sourcecode.swift; path = AppDelegate.swift; sourceTree = "<group>"; };
		6F85E6291E6C79020043EE25 /* Base */ = {isa = PBXFileReference; lastKnownFileType = file.storyboard; name = Base; path = Base.lproj/Main.storyboard; sourceTree = "<group>"; };
		6F85E62B1E6C79020043EE25 /* Assets.xcassets */ = {isa = PBXFileReference; lastKnownFileType = folder.assetcatalog; path = Assets.xcassets; sourceTree = "<group>"; };
		6F85E6301E6C79020043EE25 /* Info.plist */ = {isa = PBXFileReference; lastKnownFileType = text.plist.xml; path = Info.plist; sourceTree = "<group>"; };
		6F960C431E6DCDCB00FD7816 /* MainTabbarController.swift */ = {isa = PBXFileReference; fileEncoding = 4; lastKnownFileType = sourcecode.swift; path = MainTabbarController.swift; sourceTree = "<group>"; };
		6F960C531E6DD21300FD7816 /* First.storyboard */ = {isa = PBXFileReference; fileEncoding = 4; lastKnownFileType = file.storyboard; path = First.storyboard; sourceTree = "<group>"; };
		6F960C551E6DD2C200FD7816 /* Discover.storyboard */ = {isa = PBXFileReference; fileEncoding = 4; lastKnownFileType = file.storyboard; path = Discover.storyboard; sourceTree = "<group>"; };
		6F960C571E6DD2D800FD7816 /* Focus.storyboard */ = {isa = PBXFileReference; fileEncoding = 4; lastKnownFileType = file.storyboard; path = Focus.storyboard; sourceTree = "<group>"; };
		6F960C591E6DD2DE00FD7816 /* Live.storyboard */ = {isa = PBXFileReference; fileEncoding = 4; lastKnownFileType = file.storyboard; path = Live.storyboard; sourceTree = "<group>"; };
		6F960C5B1E6DD2E400FD7816 /* Mine.storyboard */ = {isa = PBXFileReference; fileEncoding = 4; lastKnownFileType = file.storyboard; path = Mine.storyboard; sourceTree = "<group>"; };
		6F9FB9351E766C10000890F0 /* RecommendViewController.swift */ = {isa = PBXFileReference; fileEncoding = 4; lastKnownFileType = sourcecode.swift; path = RecommendViewController.swift; sourceTree = "<group>"; };
		6F9FB9371E76944C000890F0 /* HeaderReusablleView.swift */ = {isa = PBXFileReference; fileEncoding = 4; lastKnownFileType = sourcecode.swift; path = HeaderReusablleView.swift; sourceTree = "<group>"; };
		6F9FB9381E76944C000890F0 /* HeaderReusablleView.xib */ = {isa = PBXFileReference; fileEncoding = 4; lastKnownFileType = file.xib; path = HeaderReusablleView.xib; sourceTree = "<group>"; };
		6F9FB93C1E769AD7000890F0 /* VideoCollectionViewCell.swift */ = {isa = PBXFileReference; fileEncoding = 4; lastKnownFileType = sourcecode.swift; path = VideoCollectionViewCell.swift; sourceTree = "<group>"; };
		6F9FB93D1E769AD7000890F0 /* VideoCollectionViewCell.xib */ = {isa = PBXFileReference; fileEncoding = 4; lastKnownFileType = file.xib; path = VideoCollectionViewCell.xib; sourceTree = "<group>"; };
		6F9FB9401E78F4F5000890F0 /* PrettyCollectionViewCell.swift */ = {isa = PBXFileReference; fileEncoding = 4; lastKnownFileType = sourcecode.swift; path = PrettyCollectionViewCell.swift; sourceTree = "<group>"; };
		6F9FB9411E78F4F5000890F0 /* PrettyCollectionViewCell.xib */ = {isa = PBXFileReference; fileEncoding = 4; lastKnownFileType = file.xib; path = PrettyCollectionViewCell.xib; sourceTree = "<group>"; };
		6F9FB9441E79431F000890F0 /* NetworkTools.swift */ = {isa = PBXFileReference; fileEncoding = 4; lastKnownFileType = sourcecode.swift; path = NetworkTools.swift; sourceTree = "<group>"; };
		6F9FB9461E794649000890F0 /* RecommendViewModel.swift */ = {isa = PBXFileReference; fileEncoding = 4; lastKnownFileType = sourcecode.swift; path = RecommendViewModel.swift; sourceTree = "<group>"; };
		6F9FB9481E796533000890F0 /* Groups.swift */ = {isa = PBXFileReference; fileEncoding = 4; lastKnownFileType = sourcecode.swift; path = Groups.swift; sourceTree = "<group>"; };
		6F9FB94A1E796640000890F0 /* Anchor.swift */ = {isa = PBXFileReference; fileEncoding = 4; lastKnownFileType = sourcecode.swift; path = Anchor.swift; sourceTree = "<group>"; };
		6F9FB9501E7978AC000890F0 /* PhoneGamesModel.swift */ = {isa = PBXFileReference; fileEncoding = 4; lastKnownFileType = sourcecode.swift; path = PhoneGamesModel.swift; sourceTree = "<group>"; };
		6FB95F211E7BA69C006669B8 /* DouyuTV-Bridging-Header.h */ = {isa = PBXFileReference; lastKnownFileType = sourcecode.c.h; path = "DouyuTV-Bridging-Header.h"; sourceTree = "<group>"; };
		6FB95F251E7BB02F006669B8 /* CycleView.swift */ = {isa = PBXFileReference; fileEncoding = 4; lastKnownFileType = sourcecode.swift; path = CycleView.swift; sourceTree = "<group>"; };
		6FB95F271E7BB042006669B8 /* CycleView.xib */ = {isa = PBXFileReference; fileEncoding = 4; lastKnownFileType = file.xib; path = CycleView.xib; sourceTree = "<group>"; };
		6FB95F291E7BBC96006669B8 /* CycleModel.swift */ = {isa = PBXFileReference; fileEncoding = 4; lastKnownFileType = sourcecode.swift; path = CycleModel.swift; sourceTree = "<group>"; };
		6FB95F2B1E7BC708006669B8 /* CycleCollectionViewCell.swift */ = {isa = PBXFileReference; fileEncoding = 4; lastKnownFileType = sourcecode.swift; path = CycleCollectionViewCell.swift; sourceTree = "<group>"; };
		6FB95F2C1E7BC708006669B8 /* CycleCollectionViewCell.xib */ = {isa = PBXFileReference; fileEncoding = 4; lastKnownFileType = file.xib; path = CycleCollectionViewCell.xib; sourceTree = "<group>"; };
		6FFEFE401E71AE5C00663FD1 /* ScrollTitleView.swift */ = {isa = PBXFileReference; fileEncoding = 4; lastKnownFileType = sourcecode.swift; name = ScrollTitleView.swift; path = ../../Tools/ScrollTitleView.swift; sourceTree = "<group>"; };
		6FFEFE421E71B92500663FD1 /* PageContentView.swift */ = {isa = PBXFileReference; fileEncoding = 4; lastKnownFileType = sourcecode.swift; name = PageContentView.swift; path = ../../Tools/PageContentView.swift; sourceTree = "<group>"; };
		75BDE2BCAD8719FBD4861279 /* Pods-DouyuTV.debug.xcconfig */ = {isa = PBXFileReference; includeInIndex = 1; lastKnownFileType = text.xcconfig; name = "Pods-DouyuTV.debug.xcconfig"; path = "Pods/Target Support Files/Pods-DouyuTV/Pods-DouyuTV.debug.xcconfig"; sourceTree = "<group>"; };
		EB93D40B40FC589E8B658CE2 /* Pods_DouyuTV.framework */ = {isa = PBXFileReference; explicitFileType = wrapper.framework; includeInIndex = 0; path = Pods_DouyuTV.framework; sourceTree = BUILT_PRODUCTS_DIR; };
/* End PBXFileReference section */

/* Begin PBXFrameworksBuildPhase section */
		6F85E61E1E6C79020043EE25 /* Frameworks */ = {
			isa = PBXFrameworksBuildPhase;
			buildActionMask = 2147483647;
			files = (
				86EE10B3CDEC8F94F5F55FEF /* Pods_DouyuTV.framework in Frameworks */,
			);
			runOnlyForDeploymentPostprocessing = 0;
		};
/* End PBXFrameworksBuildPhase section */

/* Begin PBXGroup section */
		1548606BC8BC644DBF242450 /* Pods */ = {
			isa = PBXGroup;
			children = (
				75BDE2BCAD8719FBD4861279 /* Pods-DouyuTV.debug.xcconfig */,
				361B043F26BE074E7FA671D9 /* Pods-DouyuTV.release.xcconfig */,
			);
			name = Pods;
			sourceTree = "<group>";
		};
		6F60202A1E7060A3003DFC88 /* Controller */ = {
			isa = PBXGroup;
			children = (
				6F60202D1E7060CA003DFC88 /* HomeViewController.swift */,
				6F9FB9351E766C10000890F0 /* RecommendViewController.swift */,
			);
			path = Controller;
			sourceTree = "<group>";
		};
		6F60202B1E7060A3003DFC88 /* Model */ = {
			isa = PBXGroup;
			children = (
				6F9FB9461E794649000890F0 /* RecommendViewModel.swift */,
				6F9FB9481E796533000890F0 /* Groups.swift */,
				6F9FB94A1E796640000890F0 /* Anchor.swift */,
				6F9FB9501E7978AC000890F0 /* PhoneGamesModel.swift */,
				6FB95F291E7BBC96006669B8 /* CycleModel.swift */,
			);
			path = Model;
			sourceTree = "<group>";
		};
		6F60202C1E7060A3003DFC88 /* View */ = {
			isa = PBXGroup;
			children = (
				6FFEFE401E71AE5C00663FD1 /* ScrollTitleView.swift */,
				6FFEFE421E71B92500663FD1 /* PageContentView.swift */,
				6F9FB9371E76944C000890F0 /* HeaderReusablleView.swift */,
				6F9FB9381E76944C000890F0 /* HeaderReusablleView.xib */,
				6FB95F251E7BB02F006669B8 /* CycleView.swift */,
				6FB95F271E7BB042006669B8 /* CycleView.xib */,
				6FB95F2B1E7BC708006669B8 /* CycleCollectionViewCell.swift */,
				6FB95F2C1E7BC708006669B8 /* CycleCollectionViewCell.xib */,
			);
			path = View;
			sourceTree = "<group>";
		};
		6F85E6181E6C79020043EE25 = {
			isa = PBXGroup;
			children = (
				6F85E6231E6C79020043EE25 /* DouyuTV */,
				6F85E6221E6C79020043EE25 /* Products */,
				1548606BC8BC644DBF242450 /* Pods */,
				AE3C683D6B04A73D4CB89BD1 /* Frameworks */,
			);
			sourceTree = "<group>";
		};
		6F85E6221E6C79020043EE25 /* Products */ = {
			isa = PBXGroup;
			children = (
				6F85E6211E6C79020043EE25 /* DouyuTV.app */,
			);
			name = Products;
			sourceTree = "<group>";
		};
		6F85E6231E6C79020043EE25 /* DouyuTV */ = {
			isa = PBXGroup;
			children = (
				6F9FB93B1E769AA6000890F0 /* Universal model */,
				6F960C421E6DCDA300FD7816 /* MainTabbar&Navi */,
				6F85E6361E6C7B270043EE25 /* Class */,
				6F85E6241E6C79020043EE25 /* AppDelegate.swift */,
				6F85E6281E6C79020043EE25 /* Main.storyboard */,
				6F85E62B1E6C79020043EE25 /* Assets.xcassets */,
				6F85E6301E6C79020043EE25 /* Info.plist */,
			);
			path = DouyuTV;
			sourceTree = "<group>";
		};
		6F85E6361E6C7B270043EE25 /* Class */ = {
			isa = PBXGroup;
			children = (
				6F85E6371E6C7B270043EE25 /* Discovery(发现) */,
				6F85E6381E6C7B270043EE25 /* First(首页) */,
				6F85E6391E6C7B270043EE25 /* Follow(关注) */,
				6F85E63A1E6C7B270043EE25 /* Live(直播) */,
				6F85E63B1E6C7B270043EE25 /* Mine(我的) */,
				6F85E63C1E6C7B270043EE25 /* Tools */,
			);
			path = Class;
			sourceTree = "<group>";
		};
		6F85E6371E6C7B270043EE25 /* Discovery(发现) */ = {
			isa = PBXGroup;
			children = (
				6F960C551E6DD2C200FD7816 /* Discover.storyboard */,
			);
			path = "Discovery(发现)";
			sourceTree = "<group>";
		};
		6F85E6381E6C7B270043EE25 /* First(首页) */ = {
			isa = PBXGroup;
			children = (
				6F60202B1E7060A3003DFC88 /* Model */,
				6F60202C1E7060A3003DFC88 /* View */,
				6F60202A1E7060A3003DFC88 /* Controller */,
				6F960C531E6DD21300FD7816 /* First.storyboard */,
			);
			path = "First(首页)";
			sourceTree = "<group>";
		};
		6F85E6391E6C7B270043EE25 /* Follow(关注) */ = {
			isa = PBXGroup;
			children = (
				6F960C571E6DD2D800FD7816 /* Focus.storyboard */,
			);
			path = "Follow(关注)";
			sourceTree = "<group>";
		};
		6F85E63A1E6C7B270043EE25 /* Live(直播) */ = {
			isa = PBXGroup;
			children = (
				6F960C591E6DD2DE00FD7816 /* Live.storyboard */,
			);
			path = "Live(直播)";
			sourceTree = "<group>";
		};
		6F85E63B1E6C7B270043EE25 /* Mine(我的) */ = {
			isa = PBXGroup;
			children = (
				6F960C5B1E6DD2E400FD7816 /* Mine.storyboard */,
			);
			path = "Mine(我的)";
			sourceTree = "<group>";
		};
		6F85E63C1E6C7B270043EE25 /* Tools */ = {
			isa = PBXGroup;
			children = (
				6F60202F1E706733003DFC88 /* UIBarButtonItem+Extemsion.swift */,
				6F2D55C11E72D8D300E08BF5 /* Common.swift */,
				6F2D55C31E72DA8A00E08BF5 /* UIColor+Ext.swift */,
				6F9FB9441E79431F000890F0 /* NetworkTools.swift */,
				6FB95F211E7BA69C006669B8 /* DouyuTV-Bridging-Header.h */,
			);
			path = Tools;
			sourceTree = "<group>";
		};
		6F960C421E6DCDA300FD7816 /* MainTabbar&Navi */ = {
			isa = PBXGroup;
			children = (
				6F960C431E6DCDCB00FD7816 /* MainTabbarController.swift */,
			);
			path = "MainTabbar&Navi";
			sourceTree = "<group>";
		};
		6F9FB93B1E769AA6000890F0 /* Universal model */ = {
			isa = PBXGroup;
			children = (
				6F9FB93C1E769AD7000890F0 /* VideoCollectionViewCell.swift */,
				6F9FB93D1E769AD7000890F0 /* VideoCollectionViewCell.xib */,
				6F9FB9401E78F4F5000890F0 /* PrettyCollectionViewCell.swift */,
				6F9FB9411E78F4F5000890F0 /* PrettyCollectionViewCell.xib */,
			);
			name = "Universal model";
			sourceTree = "<group>";
		};
		AE3C683D6B04A73D4CB89BD1 /* Frameworks */ = {
			isa = PBXGroup;
			children = (
				EB93D40B40FC589E8B658CE2 /* Pods_DouyuTV.framework */,
			);
			name = Frameworks;
			sourceTree = "<group>";
		};
/* End PBXGroup section */

/* Begin PBXNativeTarget section */
		6F85E6201E6C79020043EE25 /* DouyuTV */ = {
			isa = PBXNativeTarget;
			buildConfigurationList = 6F85E6331E6C79020043EE25 /* Build configuration list for PBXNativeTarget "DouyuTV" */;
			buildPhases = (
				6C40392AC7DEF6CD51D94AF2 /* [CP] Check Pods Manifest.lock */,
				6F85E61D1E6C79020043EE25 /* Sources */,
				6F85E61E1E6C79020043EE25 /* Frameworks */,
				6F85E61F1E6C79020043EE25 /* Resources */,
				2799CA7C633098F5DE3CB063 /* [CP] Embed Pods Frameworks */,
				E16C120393F5A3C059010547 /* [CP] Copy Pods Resources */,
			);
			buildRules = (
			);
			dependencies = (
			);
			name = DouyuTV;
			productName = DouyuTV;
			productReference = 6F85E6211E6C79020043EE25 /* DouyuTV.app */;
			productType = "com.apple.product-type.application";
		};
/* End PBXNativeTarget section */

/* Begin PBXProject section */
		6F85E6191E6C79020043EE25 /* Project object */ = {
			isa = PBXProject;
			attributes = {
				LastSwiftUpdateCheck = 0820;
				LastUpgradeCheck = 0820;
				ORGANIZATIONNAME = Young;
				TargetAttributes = {
					6F85E6201E6C79020043EE25 = {
						CreatedOnToolsVersion = 8.2.1;
						LastSwiftMigration = 0830;
						ProvisioningStyle = Automatic;
					};
				};
			};
			buildConfigurationList = 6F85E61C1E6C79020043EE25 /* Build configuration list for PBXProject "DouyuTV" */;
			compatibilityVersion = "Xcode 3.2";
			developmentRegion = English;
			hasScannedForEncodings = 0;
			knownRegions = (
				en,
				Base,
			);
			mainGroup = 6F85E6181E6C79020043EE25;
			productRefGroup = 6F85E6221E6C79020043EE25 /* Products */;
			projectDirPath = "";
			projectRoot = "";
			targets = (
				6F85E6201E6C79020043EE25 /* DouyuTV */,
			);
		};
/* End PBXProject section */

/* Begin PBXResourcesBuildPhase section */
		6F85E61F1E6C79020043EE25 /* Resources */ = {
			isa = PBXResourcesBuildPhase;
			buildActionMask = 2147483647;
			files = (
				6F9FB9431E78F4F5000890F0 /* PrettyCollectionViewCell.xib in Resources */,
				6F85E62C1E6C79020043EE25 /* Assets.xcassets in Resources */,
				6F960C581E6DD2D800FD7816 /* Focus.storyboard in Resources */,
				6F960C5A1E6DD2DE00FD7816 /* Live.storyboard in Resources */,
				6FB95F281E7BB042006669B8 /* CycleView.xib in Resources */,
				6F9FB93A1E76944C000890F0 /* HeaderReusablleView.xib in Resources */,
				6F85E62A1E6C79020043EE25 /* Main.storyboard in Resources */,
				6F960C5C1E6DD2E400FD7816 /* Mine.storyboard in Resources */,
				6F9FB93F1E769AD7000890F0 /* VideoCollectionViewCell.xib in Resources */,
				6F960C541E6DD21300FD7816 /* First.storyboard in Resources */,
				6F960C561E6DD2C200FD7816 /* Discover.storyboard in Resources */,
				6FB95F2E1E7BC708006669B8 /* CycleCollectionViewCell.xib in Resources */,
			);
			runOnlyForDeploymentPostprocessing = 0;
		};
/* End PBXResourcesBuildPhase section */

/* Begin PBXShellScriptBuildPhase section */
		2799CA7C633098F5DE3CB063 /* [CP] Embed Pods Frameworks */ = {
			isa = PBXShellScriptBuildPhase;
			buildActionMask = 2147483647;
			files = (
			);
			inputPaths = (
			);
			name = "[CP] Embed Pods Frameworks";
			outputPaths = (
			);
			runOnlyForDeploymentPostprocessing = 0;
			shellPath = /bin/sh;
			shellScript = "\"${SRCROOT}/Pods/Target Support Files/Pods-DouyuTV/Pods-DouyuTV-frameworks.sh\"\n";
			showEnvVarsInLog = 0;
		};
		6C40392AC7DEF6CD51D94AF2 /* [CP] Check Pods Manifest.lock */ = {
			isa = PBXShellScriptBuildPhase;
			buildActionMask = 2147483647;
			files = (
			);
			inputPaths = (
			);
			name = "[CP] Check Pods Manifest.lock";
			outputPaths = (
			);
			runOnlyForDeploymentPostprocessing = 0;
			shellPath = /bin/sh;
			shellScript = "diff \"${PODS_ROOT}/../Podfile.lock\" \"${PODS_ROOT}/Manifest.lock\" > /dev/null\nif [ $? != 0 ] ; then\n    # print error to STDERR\n    echo \"error: The sandbox is not in sync with the Podfile.lock. Run 'pod install' or update your CocoaPods installation.\" >&2\n    exit 1\nfi\n";
			showEnvVarsInLog = 0;
		};
		E16C120393F5A3C059010547 /* [CP] Copy Pods Resources */ = {
			isa = PBXShellScriptBuildPhase;
			buildActionMask = 2147483647;
			files = (
			);
			inputPaths = (
			);
			name = "[CP] Copy Pods Resources";
			outputPaths = (
			);
			runOnlyForDeploymentPostprocessing = 0;
			shellPath = /bin/sh;
			shellScript = "\"${SRCROOT}/Pods/Target Support Files/Pods-DouyuTV/Pods-DouyuTV-resources.sh\"\n";
			showEnvVarsInLog = 0;
		};
/* End PBXShellScriptBuildPhase section */

/* Begin PBXSourcesBuildPhase section */
		6F85E61D1E6C79020043EE25 /* Sources */ = {
			isa = PBXSourcesBuildPhase;
			buildActionMask = 2147483647;
			files = (
				6F9FB9421E78F4F5000890F0 /* PrettyCollectionViewCell.swift in Sources */,
				6F9FB93E1E769AD7000890F0 /* VideoCollectionViewCell.swift in Sources */,
				6F9FB94B1E796640000890F0 /* Anchor.swift in Sources */,
				6FB95F2D1E7BC708006669B8 /* CycleCollectionViewCell.swift in Sources */,
				6F960C441E6DCDCB00FD7816 /* MainTabbarController.swift in Sources */,
				6FFEFE431E71B92500663FD1 /* PageContentView.swift in Sources */,
				6F9FB9511E7978AC000890F0 /* PhoneGamesModel.swift in Sources */,
				6F9FB9361E766C10000890F0 /* RecommendViewController.swift in Sources */,
				6FFEFE411E71AE5C00663FD1 /* ScrollTitleView.swift in Sources */,
				6F85E6251E6C79020043EE25 /* AppDelegate.swift in Sources */,
				6FB95F261E7BB02F006669B8 /* CycleView.swift in Sources */,
				6F60202E1E7060CA003DFC88 /* HomeViewController.swift in Sources */,
				6F9FB9491E796533000890F0 /* Groups.swift in Sources */,
				6F2D55C41E72DA8A00E08BF5 /* UIColor+Ext.swift in Sources */,
				6F9FB9391E76944C000890F0 /* HeaderReusablleView.swift in Sources */,
				6FB95F2A1E7BBC96006669B8 /* CycleModel.swift in Sources */,
				6F6020301E706733003DFC88 /* UIBarButtonItem+Extemsion.swift in Sources */,
				6F9FB9451E79431F000890F0 /* NetworkTools.swift in Sources */,
				6F2D55C21E72D8D300E08BF5 /* Common.swift in Sources */,
				6F9FB9471E794649000890F0 /* RecommendViewModel.swift in Sources */,
			);
			runOnlyForDeploymentPostprocessing = 0;
		};
/* End PBXSourcesBuildPhase section */

/* Begin PBXVariantGroup section */
		6F85E6281E6C79020043EE25 /* Main.storyboard */ = {
			isa = PBXVariantGroup;
			children = (
				6F85E6291E6C79020043EE25 /* Base */,
			);
			name = Main.storyboard;
			sourceTree = "<group>";
		};
/* End PBXVariantGroup section */

/* Begin XCBuildConfiguration section */
		6F85E6311E6C79020043EE25 /* Debug */ = {
			isa = XCBuildConfiguration;
			buildSettings = {
				ALWAYS_SEARCH_USER_PATHS = NO;
				CLANG_ANALYZER_NONNULL = YES;
				CLANG_CXX_LANGUAGE_STANDARD = "gnu++0x";
				CLANG_CXX_LIBRARY = "libc++";
				CLANG_ENABLE_MODULES = YES;
				CLANG_ENABLE_OBJC_ARC = YES;
				CLANG_WARN_BOOL_CONVERSION = YES;
				CLANG_WARN_CONSTANT_CONVERSION = YES;
				CLANG_WARN_DIRECT_OBJC_ISA_USAGE = YES_ERROR;
				CLANG_WARN_DOCUMENTATION_COMMENTS = YES;
				CLANG_WARN_EMPTY_BODY = YES;
				CLANG_WARN_ENUM_CONVERSION = YES;
				CLANG_WARN_INFINITE_RECURSION = YES;
				CLANG_WARN_INT_CONVERSION = YES;
				CLANG_WARN_OBJC_ROOT_CLASS = YES_ERROR;
				CLANG_WARN_SUSPICIOUS_MOVE = YES;
				CLANG_WARN_UNREACHABLE_CODE = YES;
				CLANG_WARN__DUPLICATE_METHOD_MATCH = YES;
				"CODE_SIGN_IDENTITY[sdk=iphoneos*]" = "iPhone Developer";
				COPY_PHASE_STRIP = NO;
				DEBUG_INFORMATION_FORMAT = dwarf;
				ENABLE_STRICT_OBJC_MSGSEND = YES;
				ENABLE_TESTABILITY = YES;
				GCC_C_LANGUAGE_STANDARD = gnu99;
				GCC_DYNAMIC_NO_PIC = NO;
				GCC_NO_COMMON_BLOCKS = YES;
				GCC_OPTIMIZATION_LEVEL = 0;
				GCC_PREPROCESSOR_DEFINITIONS = (
					"DEBUG=1",
					"$(inherited)",
				);
				GCC_WARN_64_TO_32_BIT_CONVERSION = YES;
				GCC_WARN_ABOUT_RETURN_TYPE = YES_ERROR;
				GCC_WARN_UNDECLARED_SELECTOR = YES;
				GCC_WARN_UNINITIALIZED_AUTOS = YES_AGGRESSIVE;
				GCC_WARN_UNUSED_FUNCTION = YES;
				GCC_WARN_UNUSED_VARIABLE = YES;
				IPHONEOS_DEPLOYMENT_TARGET = 8.0;
				MTL_ENABLE_DEBUG_INFO = YES;
				ONLY_ACTIVE_ARCH = YES;
				SDKROOT = iphoneos;
				SWIFT_ACTIVE_COMPILATION_CONDITIONS = DEBUG;
				SWIFT_OPTIMIZATION_LEVEL = "-Onone";
			};
			name = Debug;
		};
		6F85E6321E6C79020043EE25 /* Release */ = {
			isa = XCBuildConfiguration;
			buildSettings = {
				ALWAYS_SEARCH_USER_PATHS = NO;
				CLANG_ANALYZER_NONNULL = YES;
				CLANG_CXX_LANGUAGE_STANDARD = "gnu++0x";
				CLANG_CXX_LIBRARY = "libc++";
				CLANG_ENABLE_MODULES = YES;
				CLANG_ENABLE_OBJC_ARC = YES;
				CLANG_WARN_BOOL_CONVERSION = YES;
				CLANG_WARN_CONSTANT_CONVERSION = YES;
				CLANG_WARN_DIRECT_OBJC_ISA_USAGE = YES_ERROR;
				CLANG_WARN_DOCUMENTATION_COMMENTS = YES;
				CLANG_WARN_EMPTY_BODY = YES;
				CLANG_WARN_ENUM_CONVERSION = YES;
				CLANG_WARN_INFINITE_RECURSION = YES;
				CLANG_WARN_INT_CONVERSION = YES;
				CLANG_WARN_OBJC_ROOT_CLASS = YES_ERROR;
				CLANG_WARN_SUSPICIOUS_MOVE = YES;
				CLANG_WARN_UNREACHABLE_CODE = YES;
				CLANG_WARN__DUPLICATE_METHOD_MATCH = YES;
				"CODE_SIGN_IDENTITY[sdk=iphoneos*]" = "iPhone Developer";
				COPY_PHASE_STRIP = NO;
				DEBUG_INFORMATION_FORMAT = "dwarf-with-dsym";
				ENABLE_NS_ASSERTIONS = NO;
				ENABLE_STRICT_OBJC_MSGSEND = YES;
				GCC_C_LANGUAGE_STANDARD = gnu99;
				GCC_NO_COMMON_BLOCKS = YES;
				GCC_WARN_64_TO_32_BIT_CONVERSION = YES;
				GCC_WARN_ABOUT_RETURN_TYPE = YES_ERROR;
				GCC_WARN_UNDECLARED_SELECTOR = YES;
				GCC_WARN_UNINITIALIZED_AUTOS = YES_AGGRESSIVE;
				GCC_WARN_UNUSED_FUNCTION = YES;
				GCC_WARN_UNUSED_VARIABLE = YES;
				IPHONEOS_DEPLOYMENT_TARGET = 8.0;
				MTL_ENABLE_DEBUG_INFO = NO;
				SDKROOT = iphoneos;
				SWIFT_OPTIMIZATION_LEVEL = "-Owholemodule";
				VALIDATE_PRODUCT = YES;
			};
			name = Release;
		};
		6F85E6341E6C79020043EE25 /* Debug */ = {
			isa = XCBuildConfiguration;
			baseConfigurationReference = 75BDE2BCAD8719FBD4861279 /* Pods-DouyuTV.debug.xcconfig */;
			buildSettings = {
				ASSETCATALOG_COMPILER_APPICON_NAME = AppIcon;
				ASSETCATALOG_COMPILER_LAUNCHIMAGE_NAME = LaunchImage;
				CLANG_ENABLE_MODULES = YES;
				INFOPLIST_FILE = DouyuTV/Info.plist;
				IPHONEOS_DEPLOYMENT_TARGET = 9.0;
				LD_RUNPATH_SEARCH_PATHS = "$(inherited) @executable_path/Frameworks";
				PRODUCT_BUNDLE_IDENTIFIER = Gary.com.DouyuTV;
				PRODUCT_NAME = "$(TARGET_NAME)";
				SWIFT_OBJC_BRIDGING_HEADER = "DouyuTV/Class/Tools/DouyuTV-Bridging-Header.h";
				SWIFT_OPTIMIZATION_LEVEL = "-Onone";
				SWIFT_VERSION = 3.0;
			};
			name = Debug;
		};
		6F85E6351E6C79020043EE25 /* Release */ = {
			isa = XCBuildConfiguration;
			baseConfigurationReference = 361B043F26BE074E7FA671D9 /* Pods-DouyuTV.release.xcconfig */;
			buildSettings = {
				ASSETCATALOG_COMPILER_APPICON_NAME = AppIcon;
				ASSETCATALOG_COMPILER_LAUNCHIMAGE_NAME = LaunchImage;
				CLANG_ENABLE_MODULES = YES;
				INFOPLIST_FILE = DouyuTV/Info.plist;
				IPHONEOS_DEPLOYMENT_TARGET = 9.0;
				LD_RUNPATH_SEARCH_PATHS = "$(inherited) @executable_path/Frameworks";
				PRODUCT_BUNDLE_IDENTIFIER = Gary.com.DouyuTV;
				PRODUCT_NAME = "$(TARGET_NAME)";
				SWIFT_OBJC_BRIDGING_HEADER = "DouyuTV/Class/Tools/DouyuTV-Bridging-Header.h";
				SWIFT_VERSION = 3.0;
			};
			name = Release;
		};
/* End XCBuildConfiguration section */

/* Begin XCConfigurationList section */
		6F85E61C1E6C79020043EE25 /* Build configuration list for PBXProject "DouyuTV" */ = {
			isa = XCConfigurationList;
			buildConfigurations = (
				6F85E6311E6C79020043EE25 /* Debug */,
				6F85E6321E6C79020043EE25 /* Release */,
			);
			defaultConfigurationIsVisible = 0;
			defaultConfigurationName = Release;
		};
		6F85E6331E6C79020043EE25 /* Build configuration list for PBXNativeTarget "DouyuTV" */ = {
			isa = XCConfigurationList;
			buildConfigurations = (
				6F85E6341E6C79020043EE25 /* Debug */,
				6F85E6351E6C79020043EE25 /* Release */,
			);
			defaultConfigurationIsVisible = 0;
			defaultConfigurationName = Release;
		};
/* End XCConfigurationList section */
	};
	rootObject = 6F85E6191E6C79020043EE25 /* Project object */;
}
